
Microsoft Visual Studio Solution File, Format Version 12.00
# Visual Studio Version 16
VisualStudioVersion = 16.0.31624.102
MinimumVisualStudioVersion = 10.0.40219.1
Project("{FAE04EC0-301F-11D3-BF4B-00C04F79EFBC}") = "A1ClientSocket", "A1ClientSocket.csproj", "{62FE7800-E945-4BC3-9F7E-611AF0E359EC}"
EndProject
Global
	GlobalSection(SolutionConfigurationPlatforms) = preSolution
		Debug|Any CPU = Debug|Any CPU
		Release|Any CPU = Release|Any CPU
	EndGlobalSection
	GlobalSection(ProjectConfigurationPlatforms) = postSolution
		{62FE7800-E945-4BC3-9F7E-611AF0E359EC}.Debug|Any CPU.ActiveCfg = Debug|Any CPU
		{62FE7800-E945-4BC3-9F7E-611AF0E359EC}.Debug|Any CPU.Build.0 = Debug|Any CPU
		{62FE7800-E945-4BC3-9F7E-611AF0E359EC}.Release|Any CPU.ActiveCfg = Release|Any CPU
		{62FE7800-E945-4BC3-9F7E-611AF0E359EC}.Release|Any CPU.Build.0 = Release|Any CPU
	EndGlobalSection
	GlobalSection(SolutionProperties) = preSolution
		HideSolutionNode = FALSE
	EndGlobalSection
	GlobalSection(ExtensibilityGlobals) = postSolution
		SolutionGuid = {B9E3FFF1-14B6-47F7-8541-52C6E76FCA04}
	EndGlobalSection
EndGlobal
